
Microsoft Visual Studio Solution File, Format Version 12.00
Project("{FAE04EC0-301F-11D3-BF4B-00C04F79EFBC}") = "SimpleMessenger", "SimpleMessenger\SimpleMessenger.csproj", "{57031F7A-104F-4EE7-AB13-47DB6A43CC8D}"
EndProject
Global
	GlobalSection(SolutionConfigurationPlatforms) = preSolution
		Debug|Any CPU = Debug|Any CPU
		Release|Any CPU = Release|Any CPU
	EndGlobalSection
	GlobalSection(ProjectConfigurationPlatforms) = postSolution
		{57031F7A-104F-4EE7-AB13-47DB6A43CC8D}.Debug|Any CPU.ActiveCfg = Debug|Any CPU
		{57031F7A-104F-4EE7-AB13-47DB6A43CC8D}.Debug|Any CPU.Build.0 = Debug|Any CPU
		{57031F7A-104F-4EE7-AB13-47DB6A43CC8D}.Release|Any CPU.ActiveCfg = Release|Any CPU
		{57031F7A-104F-4EE7-AB13-47DB6A43CC8D}.Release|Any CPU.Build.0 = Release|Any CPU
	EndGlobalSection
EndGlobal
